lockfileVersion: '9.0'

settings:
  autoInstallPeers: true
  excludeLinksFromLockfile: false

importers:

  .:
    dependencies:
      elkjs:
        specifier: ^0.11.0
        version: 0.11.0

packages:

  elkjs@0.11.0:
    resolution: {integrity: sha512-u4J8h9mwEDaYMqo0RYJpqNMFDoMK7f+pu4GjcV+N8jIC7TRdORgzkfSjTJemhqONFfH6fBI3wpysgWbhgVWIXw==}

snapshots:

  elkjs@0.11.0: {}
